// !$*UTF8*$!
{
	archiveVersion = 1;
	classes = {
	};
	objectVersion = 50;
	objects = {

/* Begin PBXBuildFile section */
		CE44B4ED26396A5E00D6A3D0 /* TestPhoneApp.swift in Sources */ = {isa = PBXBuildFile; fileRef = CE44B4EC26396A5E00D6A3D0 /* TestPhoneApp.swift */; };
		CE44B4EF26396A5E00D6A3D0 /* ContentView.swift in Sources */ = {isa = PBXBuildFile; fileRef = CE44B4EE26396A5E00D6A3D0 /* ContentView.swift */; };
		CE44B4F126396A6100D6A3D0 /* Assets.xcassets in Resources */ = {isa = PBXBuildFile; fileRef = CE44B4F026396A6100D6A3D0 /* Assets.xcassets */; };
		CE44B4F426396A6100D6A3D0 /* Preview Assets.xcassets in Resources */ = {isa = PBXBuildFile; fileRef = CE44B4F326396A6100D6A3D0 /* Preview Assets.xcassets */; };
		CE44B4F626396A6100D6A3D0 /* Persistence.swift in Sources */ = {isa = PBXBuildFile; fileRef = CE44B4F526396A6100D6A3D0 /* Persistence.swift */; };
		CE44B4F926396A6100D6A3D0 /* TestPhone.xcdatamodeld in Sources */ = {isa = PBXBuildFile; fileRef = CE44B4F726396A6100D6A3D0 /* TestPhone.xcdatamodeld */; };
		CE44B50426396A6100D6A3D0 /* TestPhoneTests.swift in Sources */ = {isa = PBXBuildFile; fileRef = CE44B50326396A6100D6A3D0 /* TestPhoneTests.swift */; };
		CE44B50F26396A6100D6A3D0 /* TestPhoneUITests.swift in Sources */ = {isa = PBXBuildFile; fileRef = CE44B50E26396A6100D6A3D0 /* TestPhoneUITests.swift */; };
/* End PBXBuildFile section */

/* Begin PBXContainerItemProxy section */
		CE44B50026396A6100D6A3D0 /* PBXContainerItemProxy */ = {
			isa = PBXContainerItemProxy;
			containerPortal = CE44B4E126396A5E00D6A3D0 /* Project object */;
			proxyType = 1;
			remoteGlobalIDString = CE44B4E826396A5E00D6A3D0;
			remoteInfo = TestPhone;
		};
		CE44B50B26396A6100D6A3D0 /* PBXContainerItemProxy */ = {
			isa = PBXContainerItemProxy;
			containerPortal = CE44B4E126396A5E00D6A3D0 /* Project object */;
			proxyType = 1;
			remoteGlobalIDString = CE44B4E826396A5E00D6A3D0;
			remoteInfo = TestPhone;
		};
/* End PBXContainerItemProxy section */

/* Begin PBXFileReference section */
		CE44B4E926396A5E00D6A3D0 /* TestPhone.app */ = {isa = PBXFileReference; explicitFileType = wrapper.application; includeInIndex = 0; path = TestPhone.app; sourceTree = BUILT_PRODUCTS_DIR; };
		CE44B4EC26396A5E00D6A3D0 /* TestPhoneApp.swift */ = {isa = PBXFileReference; lastKnownFileType = sourcecode.swift; path = TestPhoneApp.swift; sourceTree = "<group>"; };
		CE44B4EE26396A5E00D6A3D0 /* ContentView.swift */ = {isa = PBXFileReference; lastKnownFileType = sourcecode.swift; path = ContentView.swift; sourceTree = "<group>"; };
		CE44B4F026396A6100D6A3D0 /* Assets.xcassets */ = {isa = PBXFileReference; lastKnownFileType = folder.assetcatalog; path = Assets.xcassets; sourceTree = "<group>"; };
		CE44B4F326396A6100D6A3D0 /* Preview Assets.xcassets */ = {isa = PBXFileReference; lastKnownFileType = folder.assetcatalog; path = "Preview Assets.xcassets"; sourceTree = "<group>"; };
		CE44B4F526396A6100D6A3D0 /* Persistence.swift */ = {isa = PBXFileReference; lastKnownFileType = sourcecode.swift; path = Persistence.swift; sourceTree = "<group>"; };
		CE44B4F826396A6100D6A3D0 /* TestPhone.xcdatamodel */ = {isa = PBXFileReference; lastKnownFileType = wrapper.xcdatamodel; path = TestPhone.xcdatamodel; sourceTree = "<group>"; };
		CE44B4FA26396A6100D6A3D0 /* Info.plist */ = {isa = PBXFileReference; lastKnownFileType = text.plist.xml; path = Info.plist; sourceTree = "<group>"; };
		CE44B4FF26396A6100D6A3D0 /* TestPhoneTests.xctest */ = {isa = PBXFileReference; explicitFileType = wrapper.cfbundle; includeInIndex = 0; path = TestPhoneTests.xctest; sourceTree = BUILT_PRODUCTS_DIR; };
		CE44B50326396A6100D6A3D0 /* TestPhoneTests.swift */ = {isa = PBXFileReference; lastKnownFileType = sourcecode.swift; path = TestPhoneTests.swift; sourceTree = "<group>"; };
		CE44B50526396A6100D6A3D0 /* Info.plist */ = {isa = PBXFileReference; lastKnownFileType = text.plist.xml; path = Info.plist; sourceTree = "<group>"; };
		CE44B50A26396A6100D6A3D0 /* TestPhoneUITests.xctest */ = {isa = PBXFileReference; explicitFileType = wrapper.cfbundle; includeInIndex = 0; path = TestPhoneUITests.xctest; sourceTree = BUILT_PRODUCTS_DIR; };
		CE44B50E26396A6100D6A3D0 /* TestPhoneUITests.swift */ = {isa = PBXFileReference; lastKnownFileType = sourcecode.swift; path = TestPhoneUITests.swift; sourceTree = "<group>"; };
		CE44B51026396A6100D6A3D0 /* Info.plist */ = {isa = PBXFileReference; lastKnownFileType = text.plist.xml; path = Info.plist; sourceTree = "<group>"; };
/* End PBXFileReference section */

/* Begin PBXFrameworksBuildPhase section */
		CE44B4E626396A5E00D6A3D0 /* Frameworks */ = {
			isa = PBXFrameworksBuildPhase;
			buildActionMask = 2147483647;
			files = (
			);
			runOnlyForDeploymentPostprocessing = 0;
		};
		CE44B4FC26396A6100D6A3D0 /* Frameworks */ = {
			isa = PBXFrameworksBuildPhase;
			buildActionMask = 2147483647;
			files = (
			);
			runOnlyForDeploymentPostprocessing = 0;
		};
		CE44B50726396A6100D6A3D0 /* Frameworks */ = {
			isa = PBXFrameworksBuildPhase;
			buildActionMask = 2147483647;
			files = (
			);
			runOnlyForDeploymentPostprocessing = 0;
		};
/* End PBXFrameworksBuildPhase section */

/* Begin PBXGroup section */
		CE44B4E026396A5E00D6A3D0 = {
			isa = PBXGroup;
			children = (
				CE44B4EB26396A5E00D6A3D0 /* TestPhone */,
				CE44B50226396A6100D6A3D0 /* TestPhoneTests */,
				CE44B50D26396A6100D6A3D0 /* TestPhoneUITests */,
				CE44B4EA26396A5E00D6A3D0 /* Products */,
			);
			sourceTree = "<group>";
		};
		CE44B4EA26396A5E00D6A3D0 /* Products */ = {
			isa = PBXGroup;
			children = (
				CE44B4E926396A5E00D6A3D0 /* TestPhone.app */,
				CE44B4FF26396A6100D6A3D0 /* TestPhoneTests.xctest */,
				CE44B50A26396A6100D6A3D0 /* TestPhoneUITests.xctest */,
			);
			name = Products;
			sourceTree = "<group>";
		};
		CE44B4EB26396A5E00D6A3D0 /* TestPhone */ = {
			isa = PBXGroup;
			children = (
				CE44B4EC26396A5E00D6A3D0 /* TestPhoneApp.swift */,
				CE44B4EE26396A5E00D6A3D0 /* ContentView.swift */,
				CE44B4F026396A6100D6A3D0 /* Assets.xcassets */,
				CE44B4F526396A6100D6A3D0 /* Persistence.swift */,
				CE44B4FA26396A6100D6A3D0 /* Info.plist */,
				CE44B4F726396A6100D6A3D0 /* TestPhone.xcdatamodeld */,
				CE44B4F226396A6100D6A3D0 /* Preview Content */,
			);
			path = TestPhone;
			sourceTree = "<group>";
		};
		CE44B4F226396A6100D6A3D0 /* Preview Content */ = {
			isa = PBXGroup;
			children = (
				CE44B4F326396A6100D6A3D0 /* Preview Assets.xcassets */,
			);
			path = "Preview Content";
			sourceTree = "<group>";
		};
		CE44B50226396A6100D6A3D0 /* TestPhoneTests */ = {
			isa = PBXGroup;
			children = (
				CE44B50326396A6100D6A3D0 /* TestPhoneTests.swift */,
				CE44B50526396A6100D6A3D0 /* Info.plist */,
			);
			path = TestPhoneTests;
			sourceTree = "<group>";
		};
		CE44B50D26396A6100D6A3D0 /* TestPhoneUITests */ = {
			isa = PBXGroup;
			children = (
				CE44B50E26396A6100D6A3D0 /* TestPhoneUITests.swift */,
				CE44B51026396A6100D6A3D0 /* Info.plist */,
			);
			path = TestPhoneUITests;
			sourceTree = "<group>";
		};
/* End PBXGroup section */

/* Begin PBXNativeTarget section */
		CE44B4E826396A5E00D6A3D0 /* TestPhone */ = {
			isa = PBXNativeTarget;
			buildConfigurationList = CE44B51326396A6100D6A3D0 /* Build configuration list for PBXNativeTarget "TestPhone" */;
			buildPhases = (
				CE44B4E526396A5E00D6A3D0 /* Sources */,
				CE44B4E626396A5E00D6A3D0 /* Frameworks */,
				CE44B4E726396A5E00D6A3D0 /* Resources */,
			);
			buildRules = (
			);
			dependencies = (
			);
			name = TestPhone;
			productName = TestPhone;
			productReference = CE44B4E926396A5E00D6A3D0 /* TestPhone.app */;
			productType = "com.apple.product-type.application";
		};
		CE44B4FE26396A6100D6A3D0 /* TestPhoneTests */ = {
			isa = PBXNativeTarget;
			buildConfigurationList = CE44B51626396A6100D6A3D0 /* Build configuration list for PBXNativeTarget "TestPhoneTests" */;
			buildPhases = (
				CE44B4FB26396A6100D6A3D0 /* Sources */,
				CE44B4FC26396A6100D6A3D0 /* Frameworks */,
				CE44B4FD26396A6100D6A3D0 /* Resources */,
			);
			buildRules = (
			);
			dependencies = (
				CE44B50126396A6100D6A3D0 /* PBXTargetDependency */,
			);
			name = TestPhoneTests;
			productName = TestPhoneTests;
			productReference = CE44B4FF26396A6100D6A3D0 /* TestPhoneTests.xctest */;
			productType = "com.apple.product-type.bundle.unit-test";
		};
		CE44B50926396A6100D6A3D0 /* TestPhoneUITests */ = {
			isa = PBXNativeTarget;
			buildConfigurationList = CE44B51926396A6100D6A3D0 /* Build configuration list for PBXNativeTarget "TestPhoneUITests" */;
			buildPhases = (
				CE44B50626396A6100D6A3D0 /* Sources */,
				CE44B50726396A6100D6A3D0 /* Frameworks */,
				CE44B50826396A6100D6A3D0 /* Resources */,
			);
			buildRules = (
			);
			dependencies = (
				CE44B50C26396A6100D6A3D0 /* PBXTargetDependency */,
			);
			name = TestPhoneUITests;
			productName = TestPhoneUITests;
			productReference = CE44B50A26396A6100D6A3D0 /* TestPhoneUITests.xctest */;
			productType = "com.apple.product-type.bundle.ui-testing";
		};
/* End PBXNativeTarget section */

/* Begin PBXProject section */
		CE44B4E126396A5E00D6A3D0 /* Project object */ = {
			isa = PBXProject;
			attributes = {
				LastSwiftUpdateCheck = 1240;
				LastUpgradeCheck = 1240;
				TargetAttributes = {
					CE44B4E826396A5E00D6A3D0 = {
						CreatedOnToolsVersion = 12.4;
					};
					CE44B4FE26396A6100D6A3D0 = {
						CreatedOnToolsVersion = 12.4;
						TestTargetID = CE44B4E826396A5E00D6A3D0;
					};
					CE44B50926396A6100D6A3D0 = {
						CreatedOnToolsVersion = 12.4;
						TestTargetID = CE44B4E826396A5E00D6A3D0;
					};
				};
			};
			buildConfigurationList = CE44B4E426396A5E00D6A3D0 /* Build configuration list for PBXProject "TestPhone" */;
			compatibilityVersion = "Xcode 9.3";
			developmentRegion = en;
			hasScannedForEncodings = 0;
			knownRegions = (
				en,
				Base,
			);
			mainGroup = CE44B4E026396A5E00D6A3D0;
			productRefGroup = CE44B4EA26396A5E00D6A3D0 /* Products */;
			projectDirPath = "";
			projectRoot = "";
			targets = (
				CE44B4E826396A5E00D6A3D0 /* TestPhone */,
				CE44B4FE26396A6100D6A3D0 /* TestPhoneTests */,
				CE44B50926396A6100D6A3D0 /* TestPhoneUITests */,
			);
		};
/* End PBXProject section */

/* Begin PBXResourcesBuildPhase section */
		CE44B4E726396A5E00D6A3D0 /* Resources */ = {
			isa = PBXResourcesBuildPhase;
			buildActionMask = 2147483647;
			files = (
				CE44B4F426396A6100D6A3D0 /* Preview Assets.xcassets in Resources */,
				CE44B4F126396A6100D6A3D0 /* Assets.xcassets in Resources */,
			);
			runOnlyForDeploymentPostprocessing = 0;
		};
		CE44B4FD26396A6100D6A3D0 /* Resources */ = {
			isa = PBXResourcesBuildPhase;
			buildActionMask = 2147483647;
			files = (
			);
			runOnlyForDeploymentPostprocessing = 0;
		};
		CE44B50826396A6100D6A3D0 /* Resources */ = {
			isa = PBXResourcesBuildPhase;
			buildActionMask = 2147483647;
			files = (
			);
			runOnlyForDeploymentPostprocessing = 0;
		};
/* End PBXResourcesBuildPhase section */

/* Begin PBXSourcesBuildPhase section */
		CE44B4E526396A5E00D6A3D0 /* Sources */ = {
			isa = PBXSourcesBuildPhase;
			buildActionMask = 2147483647;
			files = (
				CE44B4F926396A6100D6A3D0 /* TestPhone.xcdatamodeld in Sources */,
				CE44B4F626396A6100D6A3D0 /* Persistence.swift in Sources */,
				CE44B4EF26396A5E00D6A3D0 /* ContentView.swift in Sources */,
				CE44B4ED26396A5E00D6A3D0 /* TestPhoneApp.swift in Sources */,
			);
			runOnlyForDeploymentPostprocessing = 0;
		};
		CE44B4FB26396A6100D6A3D0 /* Sources */ = {
			isa = PBXSourcesBuildPhase;
			buildActionMask = 2147483647;
			files = (
				CE44B50426396A6100D6A3D0 /* TestPhoneTests.swift in Sources */,
			);
			runOnlyForDeploymentPostprocessing = 0;
		};
		CE44B50626396A6100D6A3D0 /* Sources */ = {
			isa = PBXSourcesBuildPhase;
			buildActionMask = 2147483647;
			files = (
				CE44B50F26396A6100D6A3D0 /* TestPhoneUITests.swift in Sources */,
			);
			runOnlyForDeploymentPostprocessing = 0;
		};
/* End PBXSourcesBuildPhase section */

/* Begin PBXTargetDependency section */
		CE44B50126396A6100D6A3D0 /* PBXTargetDependency */ = {
			isa = PBXTargetDependency;
			target = CE44B4E826396A5E00D6A3D0 /* TestPhone */;
			targetProxy = CE44B50026396A6100D6A3D0 /* PBXContainerItemProxy */;
		};
		CE44B50C26396A6100D6A3D0 /* PBXTargetDependency */ = {
			isa = PBXTargetDependency;
			target = CE44B4E826396A5E00D6A3D0 /* TestPhone */;
			targetProxy = CE44B50B26396A6100D6A3D0 /* PBXContainerItemProxy */;
		};
/* End PBXTargetDependency section */

/* Begin XCBuildConfiguration section */
		CE44B51126396A6100D6A3D0 /* Debug */ = {
			isa = XCBuildConfiguration;
			buildSettings = {
				ALWAYS_SEARCH_USER_PATHS = NO;
				CLANG_ANALYZER_NONNULL = YES;
				CLANG_ANALYZER_NUMBER_OBJECT_CONVERSION = YES_AGGRESSIVE;
				CLANG_CXX_LANGUAGE_STANDARD = "gnu++14";
				CLANG_CXX_LIBRARY = "libc++";
				CLANG_ENABLE_MODULES = YES;
				CLANG_ENABLE_OBJC_ARC = YES;
				CLANG_ENABLE_OBJC_WEAK = YES;
				CLANG_WARN_BLOCK_CAPTURE_AUTORELEASING = YES;
				CLANG_WARN_BOOL_CONVERSION = YES;
				CLANG_WARN_COMMA = YES;
				CLANG_WARN_CONSTANT_CONVERSION = YES;
				CLANG_WARN_DEPRECATED_OBJC_IMPLEMENTATIONS = YES;
				CLANG_WARN_DIRECT_OBJC_ISA_USAGE = YES_ERROR;
				CLANG_WARN_DOCUMENTATION_COMMENTS = YES;
				CLANG_WARN_EMPTY_BODY = YES;
				CLANG_WARN_ENUM_CONVERSION = YES;
				CLANG_WARN_INFINITE_RECURSION = YES;
				CLANG_WARN_INT_CONVERSION = YES;
				CLANG_WARN_NON_LITERAL_NULL_CONVERSION = YES;
				CLANG_WARN_OBJC_IMPLICIT_RETAIN_SELF = YES;
				CLANG_WARN_OBJC_LITERAL_CONVERSION = YES;
				CLANG_WARN_OBJC_ROOT_CLASS = YES_ERROR;
				CLANG_WARN_QUOTED_INCLUDE_IN_FRAMEWORK_HEADER = YES;
				CLANG_WARN_RANGE_LOOP_ANALYSIS = YES;
				CLANG_WARN_STRICT_PROTOTYPES = YES;
				CLANG_WARN_SUSPICIOUS_MOVE = YES;
				CLANG_WARN_UNGUARDED_AVAILABILITY = YES_AGGRESSIVE;
				CLANG_WARN_UNREACHABLE_CODE = YES;
				CLANG_WARN__DUPLICATE_METHOD_MATCH = YES;
				COPY_PHASE_STRIP = NO;
				DEBUG_INFORMATION_FORMAT = dwarf;
				ENABLE_STRICT_OBJC_MSGSEND = YES;
				ENABLE_TESTABILITY = YES;
				GCC_C_LANGUAGE_STANDARD = gnu11;
				GCC_DYNAMIC_NO_PIC = NO;
				GCC_NO_COMMON_BLOCKS = YES;
				GCC_OPTIMIZATION_LEVEL = 0;
				GCC_PREPROCESSOR_DEFINITIONS = (
					"DEBUG=1",
					"$(inherited)",
				);
				GCC_WARN_64_TO_32_BIT_CONVERSION = YES;
				GCC_WARN_ABOUT_RETURN_TYPE = YES_ERROR;
				GCC_WARN_UNDECLARED_SELECTOR = YES;
				GCC_WARN_UNINITIALIZED_AUTOS = YES_AGGRESSIVE;
				GCC_WARN_UNUSED_FUNCTION = YES;
				GCC_WARN_UNUSED_VARIABLE = YES;
				IPHONEOS_DEPLOYMENT_TARGET = 14.4;
				MTL_ENABLE_DEBUG_INFO = INCLUDE_SOURCE;
				MTL_FAST_MATH = YES;
				ONLY_ACTIVE_ARCH = YES;
				SDKROOT = iphoneos;
				SWIFT_ACTIVE_COMPILATION_CONDITIONS = DEBUG;
				SWIFT_OPTIMIZATION_LEVEL = "-Onone";
			};
			name = Debug;
		};
		CE44B51226396A6100D6A3D0 /* Release */ = {
			isa = XCBuildConfiguration;
			buildSettings = {
				ALWAYS_SEARCH_USER_PATHS = NO;
				CLANG_ANALYZER_NONNULL = YES;
				CLANG_ANALYZER_NUMBER_OBJECT_CONVERSION = YES_AGGRESSIVE;
				CLANG_CXX_LANGUAGE_STANDARD = "gnu++14";
				CLANG_CXX_LIBRARY = "libc++";
				CLANG_ENABLE_MODULES = YES;
				CLANG_ENABLE_OBJC_ARC = YES;
				CLANG_ENABLE_OBJC_WEAK = YES;
				CLANG_WARN_BLOCK_CAPTURE_AUTORELEASING = YES;
				CLANG_WARN_BOOL_CONVERSION = YES;
				CLANG_WARN_COMMA = YES;
				CLANG_WARN_CONSTANT_CONVERSION = YES;
				CLANG_WARN_DEPRECATED_OBJC_IMPLEMENTATIONS = YES;
				CLANG_WARN_DIRECT_OBJC_ISA_USAGE = YES_ERROR;
				CLANG_WARN_DOCUMENTATION_COMMENTS = YES;
				CLANG_WARN_EMPTY_BODY = YES;
				CLANG_WARN_ENUM_CONVERSION = YES;
				CLANG_WARN_INFINITE_RECURSION = YES;
				CLANG_WARN_INT_CONVERSION = YES;
				CLANG_WARN_NON_LITERAL_NULL_CONVERSION = YES;
				CLANG_WARN_OBJC_IMPLICIT_RETAIN_SELF = YES;
				CLANG_WARN_OBJC_LITERAL_CONVERSION = YES;
				CLANG_WARN_OBJC_ROOT_CLASS = YES_ERROR;
				CLANG_WARN_QUOTED_INCLUDE_IN_FRAMEWORK_HEADER = YES;
				CLANG_WARN_RANGE_LOOP_ANALYSIS = YES;
				CLANG_WARN_STRICT_PROTOTYPES = YES;
				CLANG_WARN_SUSPICIOUS_MOVE = YES;
				CLANG_WARN_UNGUARDED_AVAILABILITY = YES_AGGRESSIVE;
				CLANG_WARN_UNREACHABLE_CODE = YES;
				CLANG_WARN__DUPLICATE_METHOD_MATCH = YES;
				COPY_PHASE_STRIP = NO;
				DEBUG_INFORMATION_FORMAT = "dwarf-with-dsym";
				ENABLE_NS_ASSERTIONS = NO;
				ENABLE_STRICT_OBJC_MSGSEND = YES;
				GCC_C_LANGUAGE_STANDARD = gnu11;
				GCC_NO_COMMON_BLOCKS = YES;
				GCC_WARN_64_TO_32_BIT_CONVERSION = YES;
				GCC_WARN_ABOUT_RETURN_TYPE = YES_ERROR;
				GCC_WARN_UNDECLARED_SELECTOR = YES;
				GCC_WARN_UNINITIALIZED_AUTOS = YES_AGGRESSIVE;
				GCC_WARN_UNUSED_FUNCTION = YES;
				GCC_WARN_UNUSED_VARIABLE = YES;
				IPHONEOS_DEPLOYMENT_TARGET = 14.4;
				MTL_ENABLE_DEBUG_INFO = NO;
				MTL_FAST_MATH = YES;
				SDKROOT = iphoneos;
				SWIFT_COMPILATION_MODE = wholemodule;
				SWIFT_OPTIMIZATION_LEVEL = "-O";
				VALIDATE_PRODUCT = YES;
			};
			name = Release;
		};
		CE44B51426396A6100D6A3D0 /* Debug */ = {
			isa = XCBuildConfiguration;
			buildSettings = {
				ASSETCATALOG_COMPILER_APPICON_NAME = AppIcon;
				ASSETCATALOG_COMPILER_GLOBAL_ACCENT_COLOR_NAME = AccentColor;
				CODE_SIGN_STYLE = Automatic;
				DEVELOPMENT_ASSET_PATHS = "\"TestPhone/Preview Content\"";
				DEVELOPMENT_TEAM = GS96V2X2Y2;
				ENABLE_PREVIEWS = YES;
				INFOPLIST_FILE = TestPhone/Info.plist;
				IPHONEOS_DEPLOYMENT_TARGET = 14.0;
				LD_RUNPATH_SEARCH_PATHS = (
					"$(inherited)",
					"@executable_path/Frameworks",
				);
				PRODUCT_BUNDLE_IDENTIFIER = com.averic.TestPhone;
				PRODUCT_NAME = "$(TARGET_NAME)";
				SWIFT_VERSION = 5.0;
				TARGETED_DEVICE_FAMILY = "1,2";
			};
			name = Debug;
		};
		CE44B51526396A6100D6A3D0 /* Release */ = {
			isa = XCBuildConfiguration;
			buildSettings = {
				ASSETCATALOG_COMPILER_APPICON_NAME = AppIcon;
				ASSETCATALOG_COMPILER_GLOBAL_ACCENT_COLOR_NAME = AccentColor;
				CODE_SIGN_STYLE = Automatic;
				DEVELOPMENT_ASSET_PATHS = "\"TestPhone/Preview Content\"";
				DEVELOPMENT_TEAM = GS96V2X2Y2;
				ENABLE_PREVIEWS = YES;
				INFOPLIST_FILE = TestPhone/Info.plist;
				IPHONEOS_DEPLOYMENT_TARGET = 14.0;
				LD_RUNPATH_SEARCH_PATHS = (
					"$(inherited)",
					"@executable_path/Frameworks",
				);
				PRODUCT_BUNDLE_IDENTIFIER = com.averic.TestPhone;
				PRODUCT_NAME = "$(TARGET_NAME)";
				SWIFT_VERSION = 5.0;
				TARGETED_DEVICE_FAMILY = "1,2";
			};
			name = Release;
		};
		CE44B51726396A6100D6A3D0 /* Debug */ = {
			isa = XCBuildConfiguration;
			buildSettings = {
				ALWAYS_EMBED_SWIFT_STANDARD_LIBRARIES = YES;
				BUNDLE_LOADER = "$(TEST_HOST)";
				CODE_SIGN_STYLE = Automatic;
				DEVELOPMENT_TEAM = GS96V2X2Y2;
				INFOPLIST_FILE = TestPhoneTests/Info.plist;
				IPHONEOS_DEPLOYMENT_TARGET = 14.0;
				LD_RUNPATH_SEARCH_PATHS = (
					"$(inherited)",
					"@executable_path/Frameworks",
					"@loader_path/Frameworks",
				);
				PRODUCT_BUNDLE_IDENTIFIER = com.averic.TestPhoneTests;
				PRODUCT_NAME = "$(TARGET_NAME)";
				SWIFT_VERSION = 5.0;
				TARGETED_DEVICE_FAMILY = "1,2";
				TEST_HOST = "$(BUILT_PRODUCTS_DIR)/TestPhone.app/TestPhone";
			};
			name = Debug;
		};
		CE44B51826396A6100D6A3D0 /* Release */ = {
			isa = XCBuildConfiguration;
			buildSettings = {
				ALWAYS_EMBED_SWIFT_STANDARD_LIBRARIES = YES;
				BUNDLE_LOADER = "$(TEST_HOST)";
				CODE_SIGN_STYLE = Automatic;
				DEVELOPMENT_TEAM = GS96V2X2Y2;
				INFOPLIST_FILE = TestPhoneTests/Info.plist;
				IPHONEOS_DEPLOYMENT_TARGET = 14.0;
				LD_RUNPATH_SEARCH_PATHS = (
					"$(inherited)",
					"@executable_path/Frameworks",
					"@loader_path/Frameworks",
				);
				PRODUCT_BUNDLE_IDENTIFIER = com.averic.TestPhoneTests;
				PRODUCT_NAME = "$(TARGET_NAME)";
				SWIFT_VERSION = 5.0;
				TARGETED_DEVICE_FAMILY = "1,2";
				TEST_HOST = "$(BUILT_PRODUCTS_DIR)/TestPhone.app/TestPhone";
			};
			name = Release;
		};
		CE44B51A26396A6100D6A3D0 /* Debug */ = {
			isa = XCBuildConfiguration;
			buildSettings = {
				ALWAYS_EMBED_SWIFT_STANDARD_LIBRARIES = YES;
				CODE_SIGN_STYLE = Automatic;
				DEVELOPMENT_TEAM = GS96V2X2Y2;
				INFOPLIST_FILE = TestPhoneUITests/Info.plist;
				LD_RUNPATH_SEARCH_PATHS = (
					"$(inherited)",
					"@executable_path/Frameworks",
					"@loader_path/Frameworks",
				);
				PRODUCT_BUNDLE_IDENTIFIER = com.averic.TestPhoneUITests;
				PRODUCT_NAME = "$(TARGET_NAME)";
				SWIFT_VERSION = 5.0;
				TARGETED_DEVICE_FAMILY = "1,2";
				TEST_TARGET_NAME = TestPhone;
			};
			name = Debug;
		};
		CE44B51B26396A6100D6A3D0 /* Release */ = {
			isa = XCBuildConfiguration;
			buildSettings = {
				ALWAYS_EMBED_SWIFT_STANDARD_LIBRARIES = YES;
				CODE_SIGN_STYLE = Automatic;
				DEVELOPMENT_TEAM = GS96V2X2Y2;
				INFOPLIST_FILE = TestPhoneUITests/Info.plist;
				LD_RUNPATH_SEARCH_PATHS = (
					"$(inherited)",
					"@executable_path/Frameworks",
					"@loader_path/Frameworks",
				);
				PRODUCT_BUNDLE_IDENTIFIER = com.averic.TestPhoneUITests;
				PRODUCT_NAME = "$(TARGET_NAME)";
				SWIFT_VERSION = 5.0;
				TARGETED_DEVICE_FAMILY = "1,2";
				TEST_TARGET_NAME = TestPhone;
			};
			name = Release;
		};
/* End XCBuildConfiguration section */

/* Begin XCConfigurationList section */
		CE44B4E426396A5E00D6A3D0 /* Build configuration list for PBXProject "TestPhone" */ = {
			isa = XCConfigurationList;
			buildConfigurations = (
				CE44B51126396A6100D6A3D0 /* Debug */,
				CE44B51226396A6100D6A3D0 /* Release */,
			);
			defaultConfigurationIsVisible = 0;
			defaultConfigurationName = Release;
		};
		CE44B51326396A6100D6A3D0 /* Build configuration list for PBXNativeTarget "TestPhone" */ = {
			isa = XCConfigurationList;
			buildConfigurations = (
				CE44B51426396A6100D6A3D0 /* Debug */,
				CE44B51526396A6100D6A3D0 /* Release */,
			);
			defaultConfigurationIsVisible = 0;
			defaultConfigurationName = Release;
		};
		CE44B51626396A6100D6A3D0 /* Build configuration list for PBXNativeTarget "TestPhoneTests" */ = {
			isa = XCConfigurationList;
			buildConfigurations = (
				CE44B51726396A6100D6A3D0 /* Debug */,
				CE44B51826396A6100D6A3D0 /* Release */,
			);
			defaultConfigurationIsVisible = 0;
			defaultConfigurationName = Release;
		};
		CE44B51926396A6100D6A3D0 /* Build configuration list for PBXNativeTarget "TestPhoneUITests" */ = {
			isa = XCConfigurationList;
			buildConfigurations = (
				CE44B51A26396A6100D6A3D0 /* Debug */,
				CE44B51B26396A6100D6A3D0 /* Release */,
			);
			defaultConfigurationIsVisible = 0;
			defaultConfigurationName = Release;
		};
/* End XCConfigurationList section */

/* Begin XCVersionGroup section */
		CE44B4F726396A6100D6A3D0 /* TestPhone.xcdatamodeld */ = {
			isa = XCVersionGroup;
			children = (
				CE44B4F826396A6100D6A3D0 /* TestPhone.xcdatamodel */,
			);
			currentVersion = CE44B4F826396A6100D6A3D0 /* TestPhone.xcdatamodel */;
			path = TestPhone.xcdatamodeld;
			sourceTree = "<group>";
			versionGroupType = wrapper.xcdatamodel;
		};
/* End XCVersionGroup section */
	};
	rootObject = CE44B4E126396A5E00D6A3D0 /* Project object */;
}
